
Microsoft Visual Studio Solution File, Format Version 12.00
# Visual Studio 14
VisualStudioVersion = 14.0.25420.1
MinimumVisualStudioVersion = 10.0.40219.1
Project("{8BC9CEB8-8B4A-11D0-8D11-00A0C91BC942}") = "Basic Exceptions", "AdvancedC++\AdvancedC++.vcxproj", "{2F91EA88-71B5-42D2-B61D-EE7EF30A59D8}"
EndProject
Project("{8BC9CEB8-8B4A-11D0-8D11-00A0C91BC942}") = "Standard Exceptions", "Standard Exceptions\Standard Exceptions.vcxproj", "{8E5D7BCE-8CAB-494B-8097-5E4A19C99A45}"
EndProject
Project("{8BC9CEB8-8B4A-11D0-8D11-00A0C91BC942}") = "CustomExceptions", "CustomExceptions\CustomExceptions.vcxproj", "{A352762F-E374-4C87-8CF9-574D1E695D6C}"
EndProject
Project("{8BC9CEB8-8B4A-11D0-8D11-00A0C91BC942}") = "Catching Subclass Exceptions", "Catching Subclass Exceptions\Catching Subclass Exceptions.vcxproj", "{6576DAD3-F64C-4934-9FC1-DD84A6233C43}"
EndProject
Project("{8BC9CEB8-8B4A-11D0-8D11-00A0C91BC942}") = "Writing Text Files", "Writing Text Files\Writing Text Files.vcxproj", "{967BA078-E096-4618-9FD0-CB5440E9342A}"
EndProject
Project("{8BC9CEB8-8B4A-11D0-8D11-00A0C91BC942}") = "Reading Text Files", "Reading Text Files\Reading Text Files.vcxproj", "{2D6EB719-E8B1-4743-91E8-129F84A9E326}"
EndProject
Project("{8BC9CEB8-8B4A-11D0-8D11-00A0C91BC942}") = "Parsing Text Files", "Parsing Text Files\Parsing Text Files.vcxproj", "{04ECC8B1-297C-444F-A42D-CEBDBCE56D55}"
EndProject
Project("{8BC9CEB8-8B4A-11D0-8D11-00A0C91BC942}") = "Struct Padding", "Struct Padding\Struct Padding.vcxproj", "{EB9B9116-E32A-4897-96F0-B169267B757C}"
EndProject
Project("{8BC9CEB8-8B4A-11D0-8D11-00A0C91BC942}") = "Binary Files", "Binary Files\Binary Files.vcxproj", "{DE285C3A-DB15-494D-9076-FBE1E08CB6F5}"
EndProject
Project("{8BC9CEB8-8B4A-11D0-8D11-00A0C91BC942}") = "Vectors", "Vectors\Vectors.vcxproj", "{7AED0900-7322-4811-9239-1DD5085CDA49}"
EndProject
Project("{8BC9CEB8-8B4A-11D0-8D11-00A0C91BC942}") = "Vectors And Memory", "Vectors And Memory\Vectors And Memory.vcxproj", "{5A697FCB-BFC1-48C3-8F5E-0ECA2F675DFB}"
EndProject
Global
	GlobalSection(SolutionConfigurationPlatforms) = preSolution
		Debug|x64 = Debug|x64
		Debug|x86 = Debug|x86
		Release|x64 = Release|x64
		Release|x86 = Release|x86
	EndGlobalSection
	GlobalSection(ProjectConfigurationPlatforms) = postSolution
		{2F91EA88-71B5-42D2-B61D-EE7EF30A59D8}.Debug|x64.ActiveCfg = Debug|x64
		{2F91EA88-71B5-42D2-B61D-EE7EF30A59D8}.Debug|x64.Build.0 = Debug|x64
		{2F91EA88-71B5-42D2-B61D-EE7EF30A59D8}.Debug|x86.ActiveCfg = Debug|Win32
		{2F91EA88-71B5-42D2-B61D-EE7EF30A59D8}.Debug|x86.Build.0 = Debug|Win32
		{2F91EA88-71B5-42D2-B61D-EE7EF30A59D8}.Release|x64.ActiveCfg = Release|x64
		{2F91EA88-71B5-42D2-B61D-EE7EF30A59D8}.Release|x64.Build.0 = Release|x64
		{2F91EA88-71B5-42D2-B61D-EE7EF30A59D8}.Release|x86.ActiveCfg = Release|Win32
		{2F91EA88-71B5-42D2-B61D-EE7EF30A59D8}.Release|x86.Build.0 = Release|Win32
		{8E5D7BCE-8CAB-494B-8097-5E4A19C99A45}.Debug|x64.ActiveCfg = Debug|x64
		{8E5D7BCE-8CAB-494B-8097-5E4A19C99A45}.Debug|x64.Build.0 = Debug|x64
		{8E5D7BCE-8CAB-494B-8097-5E4A19C99A45}.Debug|x86.ActiveCfg = Debug|Win32
		{8E5D7BCE-8CAB-494B-8097-5E4A19C99A45}.Debug|x86.Build.0 = Debug|Win32
		{8E5D7BCE-8CAB-494B-8097-5E4A19C99A45}.Release|x64.ActiveCfg = Release|x64
		{8E5D7BCE-8CAB-494B-8097-5E4A19C99A45}.Release|x64.Build.0 = Release|x64
		{8E5D7BCE-8CAB-494B-8097-5E4A19C99A45}.Release|x86.ActiveCfg = Release|Win32
		{8E5D7BCE-8CAB-494B-8097-5E4A19C99A45}.Release|x86.Build.0 = Release|Win32
		{A352762F-E374-4C87-8CF9-574D1E695D6C}.Debug|x64.ActiveCfg = Debug|x64
		{A352762F-E374-4C87-8CF9-574D1E695D6C}.Debug|x64.Build.0 = Debug|x64
		{A352762F-E374-4C87-8CF9-574D1E695D6C}.Debug|x86.ActiveCfg = Debug|Win32
		{A352762F-E374-4C87-8CF9-574D1E695D6C}.Debug|x86.Build.0 = Debug|Win32
		{A352762F-E374-4C87-8CF9-574D1E695D6C}.Release|x64.ActiveCfg = Release|x64
		{A352762F-E374-4C87-8CF9-574D1E695D6C}.Release|x64.Build.0 = Release|x64
		{A352762F-E374-4C87-8CF9-574D1E695D6C}.Release|x86.ActiveCfg = Release|Win32
		{A352762F-E374-4C87-8CF9-574D1E695D6C}.Release|x86.Build.0 = Release|Win32
		{6576DAD3-F64C-4934-9FC1-DD84A6233C43}.Debug|x64.ActiveCfg = Debug|x64
		{6576DAD3-F64C-4934-9FC1-DD84A6233C43}.Debug|x64.Build.0 = Debug|x64
		{6576DAD3-F64C-4934-9FC1-DD84A6233C43}.Debug|x86.ActiveCfg = Debug|Win32
		{6576DAD3-F64C-4934-9FC1-DD84A6233C43}.Debug|x86.Build.0 = Debug|Win32
		{6576DAD3-F64C-4934-9FC1-DD84A6233C43}.Release|x64.ActiveCfg = Release|x64
		{6576DAD3-F64C-4934-9FC1-DD84A6233C43}.Release|x64.Build.0 = Release|x64
		{6576DAD3-F64C-4934-9FC1-DD84A6233C43}.Release|x86.ActiveCfg = Release|Win32
		{6576DAD3-F64C-4934-9FC1-DD84A6233C43}.Release|x86.Build.0 = Release|Win32
		{967BA078-E096-4618-9FD0-CB5440E9342A}.Debug|x64.ActiveCfg = Debug|x64
		{967BA078-E096-4618-9FD0-CB5440E9342A}.Debug|x64.Build.0 = Debug|x64
		{967BA078-E096-4618-9FD0-CB5440E9342A}.Debug|x86.ActiveCfg = Debug|Win32
		{967BA078-E096-4618-9FD0-CB5440E9342A}.Debug|x86.Build.0 = Debug|Win32
		{967BA078-E096-4618-9FD0-CB5440E9342A}.Release|x64.ActiveCfg = Release|x64
		{967BA078-E096-4618-9FD0-CB5440E9342A}.Release|x64.Build.0 = Release|x64
		{967BA078-E096-4618-9FD0-CB5440E9342A}.Release|x86.ActiveCfg = Release|Win32
		{967BA078-E096-4618-9FD0-CB5440E9342A}.Release|x86.Build.0 = Release|Win32
		{2D6EB719-E8B1-4743-91E8-129F84A9E326}.Debug|x64.ActiveCfg = Debug|x64
		{2D6EB719-E8B1-4743-91E8-129F84A9E326}.Debug|x64.Build.0 = Debug|x64
		{2D6EB719-E8B1-4743-91E8-129F84A9E326}.Debug|x86.ActiveCfg = Debug|Win32
		{2D6EB719-E8B1-4743-91E8-129F84A9E326}.Debug|x86.Build.0 = Debug|Win32
		{2D6EB719-E8B1-4743-91E8-129F84A9E326}.Release|x64.ActiveCfg = Release|x64
		{2D6EB719-E8B1-4743-91E8-129F84A9E326}.Release|x64.Build.0 = Release|x64
		{2D6EB719-E8B1-4743-91E8-129F84A9E326}.Release|x86.ActiveCfg = Release|Win32
		{2D6EB719-E8B1-4743-91E8-129F84A9E326}.Release|x86.Build.0 = Release|Win32
		{04ECC8B1-297C-444F-A42D-CEBDBCE56D55}.Debug|x64.ActiveCfg = Debug|x64
		{04ECC8B1-297C-444F-A42D-CEBDBCE56D55}.Debug|x64.Build.0 = Debug|x64
		{04ECC8B1-297C-444F-A42D-CEBDBCE56D55}.Debug|x86.ActiveCfg = Debug|Win32
		{04ECC8B1-297C-444F-A42D-CEBDBCE56D55}.Debug|x86.Build.0 = Debug|Win32
		{04ECC8B1-297C-444F-A42D-CEBDBCE56D55}.Release|x64.ActiveCfg = Release|x64
		{04ECC8B1-297C-444F-A42D-CEBDBCE56D55}.Release|x64.Build.0 = Release|x64
		{04ECC8B1-297C-444F-A42D-CEBDBCE56D55}.Release|x86.ActiveCfg = Release|Win32
		{04ECC8B1-297C-444F-A42D-CEBDBCE56D55}.Release|x86.Build.0 = Release|Win32
		{EB9B9116-E32A-4897-96F0-B169267B757C}.Debug|x64.ActiveCfg = Debug|x64
		{EB9B9116-E32A-4897-96F0-B169267B757C}.Debug|x64.Build.0 = Debug|x64
		{EB9B9116-E32A-4897-96F0-B169267B757C}.Debug|x86.ActiveCfg = Debug|Win32
		{EB9B9116-E32A-4897-96F0-B169267B757C}.Debug|x86.Build.0 = Debug|Win32
		{EB9B9116-E32A-4897-96F0-B169267B757C}.Release|x64.ActiveCfg = Release|x64
		{EB9B9116-E32A-4897-96F0-B169267B757C}.Release|x64.Build.0 = Release|x64
		{EB9B9116-E32A-4897-96F0-B169267B757C}.Release|x86.ActiveCfg = Release|Win32
		{EB9B9116-E32A-4897-96F0-B169267B757C}.Release|x86.Build.0 = Release|Win32
		{DE285C3A-DB15-494D-9076-FBE1E08CB6F5}.Debug|x64.ActiveCfg = Debug|x64
		{DE285C3A-DB15-494D-9076-FBE1E08CB6F5}.Debug|x64.Build.0 = Debug|x64
		{DE285C3A-DB15-494D-9076-FBE1E08CB6F5}.Debug|x86.ActiveCfg = Debug|Win32
		{DE285C3A-DB15-494D-9076-FBE1E08CB6F5}.Debug|x86.Build.0 = Debug|Win32
		{DE285C3A-DB15-494D-9076-FBE1E08CB6F5}.Release|x64.ActiveCfg = Release|x64
		{DE285C3A-DB15-494D-9076-FBE1E08CB6F5}.Release|x64.Build.0 = Release|x64
		{DE285C3A-DB15-494D-9076-FBE1E08CB6F5}.Release|x86.ActiveCfg = Release|Win32
		{DE285C3A-DB15-494D-9076-FBE1E08CB6F5}.Release|x86.Build.0 = Release|Win32
		{7AED0900-7322-4811-9239-1DD5085CDA49}.Debug|x64.ActiveCfg = Debug|x64
		{7AED0900-7322-4811-9239-1DD5085CDA49}.Debug|x64.Build.0 = Debug|x64
		{7AED0900-7322-4811-9239-1DD5085CDA49}.Debug|x86.ActiveCfg = Debug|Win32
		{7AED0900-7322-4811-9239-1DD5085CDA49}.Debug|x86.Build.0 = Debug|Win32
		{7AED0900-7322-4811-9239-1DD5085CDA49}.Release|x64.ActiveCfg = Release|x64
		{7AED0900-7322-4811-9239-1DD5085CDA49}.Release|x64.Build.0 = Release|x64
		{7AED0900-7322-4811-9239-1DD5085CDA49}.Release|x86.ActiveCfg = Release|Win32
		{7AED0900-7322-4811-9239-1DD5085CDA49}.Release|x86.Build.0 = Release|Win32
		{5A697FCB-BFC1-48C3-8F5E-0ECA2F675DFB}.Debug|x64.ActiveCfg = Debug|x64
		{5A697FCB-BFC1-48C3-8F5E-0ECA2F675DFB}.Debug|x64.Build.0 = Debug|x64
		{5A697FCB-BFC1-48C3-8F5E-0ECA2F675DFB}.Debug|x86.ActiveCfg = Debug|Win32
		{5A697FCB-BFC1-48C3-8F5E-0ECA2F675DFB}.Debug|x86.Build.0 = Debug|Win32
		{5A697FCB-BFC1-48C3-8F5E-0ECA2F675DFB}.Release|x64.ActiveCfg = Release|x64
		{5A697FCB-BFC1-48C3-8F5E-0ECA2F675DFB}.Release|x64.Build.0 = Release|x64
		{5A697FCB-BFC1-48C3-8F5E-0ECA2F675DFB}.Release|x86.ActiveCfg = Release|Win32
		{5A697FCB-BFC1-48C3-8F5E-0ECA2F675DFB}.Release|x86.Build.0 = Release|Win32
	EndGlobalSection
	GlobalSection(SolutionProperties) = preSolution
		HideSolutionNode = FALSE
	EndGlobalSection
EndGlobal
